{
  "originHash" : "f278e1c6e755f8d316b53abf2904234b0036d79eeff5cd591edd0ffbf1d0f638",
  "pins" : [
    {
      "identity" : "quicklayout",
      "kind" : "remoteSourceControl",
      "location" : "https://github.com/facebookincubator/QuickLayout",
      "state" : {
        "revision" : "62310c0a7f4ec43f3ea6ff89f3824ef6b23b2bb3"
      }
    },
    {
      "identity" : "swift-syntax",
      "kind" : "remoteSourceControl",
      "location" : "https://github.com/apple/swift-syntax.git",
      "state" : {
        "revision" : "0687f71944021d616d34d922343dcef086855920",
        "version" : "600.0.1"
      }
    }
  ],
  "version" : 3
}
