{
  "originHash" : "f13ee65810ccb2fc9fc5588484133b348b3238a01c9a47e4aef3cced7e026491",
  "pins" : [
    {
      "identity" : "applocalization",
      "kind" : "remoteSourceControl",
      "location" : "https://github.com/astralchen/AppLocalization.git",
      "state" : {
        "branch" : "main",
        "revision" : "0d477915f955a5cdfd95ff0fcd31c7cd48510771"
      }
    },
    {
      "identity" : "listkit",
      "kind" : "remoteSourceControl",
      "location" : "https://github.com/astralchen/ListKit.git",
      "state" : {
        "branch" : "main",
        "revision" : "0710ddb30ff922f19a9dc4bc7e5f58c833f4244f"
      }
    },
    {
      "identity" : "quicklayout",
      "kind" : "remoteSourceControl",
      "location" : "https://github.com/facebookincubator/QuickLayout",
      "state" : {
        "branch" : "main",
        "revision" : "38020f2c293bbd24e20b651d4214169fbe69965b"
      }
    },
    {
      "identity" : "swift-syntax",
      "kind" : "remoteSourceControl",
      "location" : "https://github.com/swiftlang/swift-syntax.git",
      "state" : {
        "revision" : "4799286537280063c85a32f09884cfbca301b1a1",
        "version" : "602.0.0"
      }
    }
  ],
  "version" : 3
}
