{
  "originHash" : "c28d32b8d4c4a004c1d88a737c7fbd631566df18039c1b003bb3947f057de3ee",
  "pins" : [
    {
      "identity" : "applocalization",
      "kind" : "remoteSourceControl",
      "location" : "https://github.com/astralchen/AppLocalization",
      "state" : {
        "branch" : "main",
        "revision" : "956f783a04fae041a17fa40ea61e17b66850b4d2"
      }
    },
    {
      "identity" : "listkit",
      "kind" : "remoteSourceControl",
      "location" : "https://github.com/astralchen/ListKit.git",
      "state" : {
        "branch" : "main",
        "revision" : "5c5fd3630b30cfba9d4d1b03f0d11844ef7d2ec9"
      }
    },
    {
      "identity" : "quicklayout",
      "kind" : "remoteSourceControl",
      "location" : "https://github.com/facebookincubator/QuickLayout",
      "state" : {
        "revision" : "62310c0a7f4ec43f3ea6ff89f3824ef6b23b2bb3"
      }
    },
    {
      "identity" : "swift-syntax",
      "kind" : "remoteSourceControl",
      "location" : "https://github.com/apple/swift-syntax.git",
      "state" : {
        "revision" : "0687f71944021d616d34d922343dcef086855920",
        "version" : "600.0.1"
      }
    }
  ],
  "version" : 3
}
