{
  "originHash" : "2479c2ba789d6f199228eed25f43b5c3dd85f400287a28bf750232c23b6348fc",
  "pins" : [
    {
      "identity" : "applocalization",
      "kind" : "remoteSourceControl",
      "location" : "https://github.com/astralchen/AppLocalization",
      "state" : {
        "branch" : "main",
        "revision" : "a15471628569cb10404f599466b11f1036f9c86b"
      }
    },
    {
      "identity" : "listkit",
      "kind" : "remoteSourceControl",
      "location" : "https://github.com/astralchen/ListKit.git",
      "state" : {
        "branch" : "main",
        "revision" : "55150a33d984b757802fb7b6eca44fcc059b3d4d"
      }
    },
    {
      "identity" : "quicklayout",
      "kind" : "remoteSourceControl",
      "location" : "https://github.com/facebookincubator/QuickLayout",
      "state" : {
        "revision" : "62310c0a7f4ec43f3ea6ff89f3824ef6b23b2bb3"
      }
    },
    {
      "identity" : "swift-syntax",
      "kind" : "remoteSourceControl",
      "location" : "https://github.com/apple/swift-syntax.git",
      "state" : {
        "revision" : "0687f71944021d616d34d922343dcef086855920",
        "version" : "600.0.1"
      }
    }
  ],
  "version" : 3
}
